// !$*UTF8*$!
{
	archiveVersion = 1;
	classes = {
	};
	objectVersion = 46;
	objects = {

/* Begin PBXBuildFile section */
		397278BE1990FAC200CA779E /* Foundation.framework in Frameworks */ = {isa = PBXBuildFile; fileRef = 397278BD1990FAC200CA779E /* Foundation.framework */; };
		397278C01990FAC200CA779E /* CoreGraphics.framework in Frameworks */ = {isa = PBXBuildFile; fileRef = 397278BF1990FAC200CA779E /* CoreGraphics.framework */; };
		397278C21990FAC200CA779E /* UIKit.framework in Frameworks */ = {isa = PBXBuildFile; fileRef = 397278C11990FAC200CA779E /* UIKit.framework */; };
		397278C81990FAC200CA779E /* InfoPlist.strings in Resources */ = {isa = PBXBuildFile; fileRef = 397278C61990FAC200CA779E /* InfoPlist.strings */; };
		397278CA1990FAC200CA779E /* main.m in Sources */ = {isa = PBXBuildFile; fileRef = 397278C91990FAC200CA779E /* main.m */; };
		397278CE1990FAC200CA779E /* DropitAppDelegate.m in Sources */ = {isa = PBXBuildFile; fileRef = 397278CD1990FAC200CA779E /* DropitAppDelegate.m */; };
		397278D11990FAC200CA779E /* Main.storyboard in Resources */ = {isa = PBXBuildFile; fileRef = 397278CF1990FAC200CA779E /* Main.storyboard */; };
		397278D41990FAC200CA779E /* DropitViewController.m in Sources */ = {isa = PBXBuildFile; fileRef = 397278D31990FAC200CA779E /* DropitViewController.m */; };
		397278D61990FAC200CA779E /* Images.xcassets in Resources */ = {isa = PBXBuildFile; fileRef = 397278D51990FAC200CA779E /* Images.xcassets */; };
		397278DD1990FAC200CA779E /* XCTest.framework in Frameworks */ = {isa = PBXBuildFile; fileRef = 397278DC1990FAC200CA779E /* XCTest.framework */; };
		397278DE1990FAC200CA779E /* Foundation.framework in Frameworks */ = {isa = PBXBuildFile; fileRef = 397278BD1990FAC200CA779E /* Foundation.framework */; };
		397278DF1990FAC200CA779E /* UIKit.framework in Frameworks */ = {isa = PBXBuildFile; fileRef = 397278C11990FAC200CA779E /* UIKit.framework */; };
		397278E71990FAC200CA779E /* InfoPlist.strings in Resources */ = {isa = PBXBuildFile; fileRef = 397278E51990FAC200CA779E /* InfoPlist.strings */; };
		397278E91990FAC200CA779E /* DropitTests.m in Sources */ = {isa = PBXBuildFile; fileRef = 397278E81990FAC200CA779E /* DropitTests.m */; };
		397278F419911AF500CA779E /* DropitBehavior.m in Sources */ = {isa = PBXBuildFile; fileRef = 397278F319911AF500CA779E /* DropitBehavior.m */; };
/* End PBXBuildFile section */

/* Begin PBXContainerItemProxy section */
		397278E01990FAC200CA779E /* PBXContainerItemProxy */ = {
			isa = PBXContainerItemProxy;
			containerPortal = 397278B21990FAC200CA779E /* Project object */;
			proxyType = 1;
			remoteGlobalIDString = 397278B91990FAC200CA779E;
			remoteInfo = Dropit;
		};
/* End PBXContainerItemProxy section */

/* Begin PBXFileReference section */
		397278BA1990FAC200CA779E /* Dropit.app */ = {isa = PBXFileReference; explicitFileType = wrapper.application; includeInIndex = 0; path = Dropit.app; sourceTree = BUILT_PRODUCTS_DIR; };
		397278BD1990FAC200CA779E /* Foundation.framework */ = {isa = PBXFileReference; lastKnownFileType = wrapper.framework; name = Foundation.framework; path = Library/Frameworks/Foundation.framework; sourceTree = DEVELOPER_DIR; };
		397278BF1990FAC200CA779E /* CoreGraphics.framework */ = {isa = PBXFileReference; lastKnownFileType = wrapper.framework; name = CoreGraphics.framework; path = Library/Frameworks/CoreGraphics.framework; sourceTree = DEVELOPER_DIR; };
		397278C11990FAC200CA779E /* UIKit.framework */ = {isa = PBXFileReference; lastKnownFileType = wrapper.framework; name = UIKit.framework; path = Library/Frameworks/UIKit.framework; sourceTree = DEVELOPER_DIR; };
		397278C51990FAC200CA779E /* Dropit-Info.plist */ = {isa = PBXFileReference; lastKnownFileType = text.plist.xml; path = "Dropit-Info.plist"; sourceTree = "<group>"; };
		397278C71990FAC200CA779E /* en */ = {isa = PBXFileReference; lastKnownFileType = text.plist.strings; name = en; path = en.lproj/InfoPlist.strings; sourceTree = "<group>"; };
		397278C91990FAC200CA779E /* main.m */ = {isa = PBXFileReference; lastKnownFileType = sourcecode.c.objc; path = main.m; sourceTree = "<group>"; };
		397278CB1990FAC200CA779E /* Dropit-Prefix.pch */ = {isa = PBXFileReference; lastKnownFileType = sourcecode.c.h; path = "Dropit-Prefix.pch"; sourceTree = "<group>"; };
		397278CC1990FAC200CA779E /* DropitAppDelegate.h */ = {isa = PBXFileReference; lastKnownFileType = sourcecode.c.h; path = DropitAppDelegate.h; sourceTree = "<group>"; };
		397278CD1990FAC200CA779E /* DropitAppDelegate.m */ = {isa = PBXFileReference; lastKnownFileType = sourcecode.c.objc; path = DropitAppDelegate.m; sourceTree = "<group>"; };
		397278D01990FAC200CA779E /* Base */ = {isa = PBXFileReference; lastKnownFileType = file.storyboard; name = Base; path = Base.lproj/Main.storyboard; sourceTree = "<group>"; };
		397278D21990FAC200CA779E /* DropitViewController.h */ = {isa = PBXFileReference; lastKnownFileType = sourcecode.c.h; path = DropitViewController.h; sourceTree = "<group>"; };
		397278D31990FAC200CA779E /* DropitViewController.m */ = {isa = PBXFileReference; lastKnownFileType = sourcecode.c.objc; path = DropitViewController.m; sourceTree = "<group>"; };
		397278D51990FAC200CA779E /* Images.xcassets */ = {isa = PBXFileReference; lastKnownFileType = folder.assetcatalog; path = Images.xcassets; sourceTree = "<group>"; };
		397278DB1990FAC200CA779E /* DropitTests.xctest */ = {isa = PBXFileReference; explicitFileType = wrapper.cfbundle; includeInIndex = 0; path = DropitTests.xctest; sourceTree = BUILT_PRODUCTS_DIR; };
		397278DC1990FAC200CA779E /* XCTest.framework */ = {isa = PBXFileReference; lastKnownFileType = wrapper.framework; name = XCTest.framework; path = Library/Frameworks/XCTest.framework; sourceTree = DEVELOPER_DIR; };
		397278E41990FAC200CA779E /* DropitTests-Info.plist */ = {isa = PBXFileReference; lastKnownFileType = text.plist.xml; path = "DropitTests-Info.plist"; sourceTree = "<group>"; };
		397278E61990FAC200CA779E /* en */ = {isa = PBXFileReference; lastKnownFileType = text.plist.strings; name = en; path = en.lproj/InfoPlist.strings; sourceTree = "<group>"; };
		397278E81990FAC200CA779E /* DropitTests.m */ = {isa = PBXFileReference; lastKnownFileType = sourcecode.c.objc; path = DropitTests.m; sourceTree = "<group>"; };
		397278F219911AF500CA779E /* DropitBehavior.h */ = {isa = PBXFileReference; fileEncoding = 4; lastKnownFileType = sourcecode.c.h; path = DropitBehavior.h; sourceTree = "<group>"; };
		397278F319911AF500CA779E /* DropitBehavior.m */ = {isa = PBXFileReference; fileEncoding = 4; lastKnownFileType = sourcecode.c.objc; path = DropitBehavior.m; sourceTree = "<group>"; };
/* End PBXFileReference section */

/* Begin PBXFrameworksBuildPhase section */
		397278B71990FAC200CA779E /* Frameworks */ = {
			isa = PBXFrameworksBuildPhase;
			buildActionMask = 2147483647;
			files = (
				397278C01990FAC200CA779E /* CoreGraphics.framework in Frameworks */,
				397278C21990FAC200CA779E /* UIKit.framework in Frameworks */,
				397278BE1990FAC200CA779E /* Foundation.framework in Frameworks */,
			);
			runOnlyForDeploymentPostprocessing = 0;
		};
		397278D81990FAC200CA779E /* Frameworks */ = {
			isa = PBXFrameworksBuildPhase;
			buildActionMask = 2147483647;
			files = (
				397278DD1990FAC200CA779E /* XCTest.framework in Frameworks */,
				397278DF1990FAC200CA779E /* UIKit.framework in Frameworks */,
				397278DE1990FAC200CA779E /* Foundation.framework in Frameworks */,
			);
			runOnlyForDeploymentPostprocessing = 0;
		};
/* End PBXFrameworksBuildPhase section */

/* Begin PBXGroup section */
		397278B11990FAC200CA779E = {
			isa = PBXGroup;
			children = (
				397278C31990FAC200CA779E /* Dropit */,
				397278E21990FAC200CA779E /* DropitTests */,
				397278BC1990FAC200CA779E /* Frameworks */,
				397278BB1990FAC200CA779E /* Products */,
			);
			sourceTree = "<group>";
		};
		397278BB1990FAC200CA779E /* Products */ = {
			isa = PBXGroup;
			children = (
				397278BA1990FAC200CA779E /* Dropit.app */,
				397278DB1990FAC200CA779E /* DropitTests.xctest */,
			);
			name = Products;
			sourceTree = "<group>";
		};
		397278BC1990FAC200CA779E /* Frameworks */ = {
			isa = PBXGroup;
			children = (
				397278BD1990FAC200CA779E /* Foundation.framework */,
				397278BF1990FAC200CA779E /* CoreGraphics.framework */,
				397278C11990FAC200CA779E /* UIKit.framework */,
				397278DC1990FAC200CA779E /* XCTest.framework */,
			);
			name = Frameworks;
			sourceTree = "<group>";
		};
		397278C31990FAC200CA779E /* Dropit */ = {
			isa = PBXGroup;
			children = (
				397278CF1990FAC200CA779E /* Main.storyboard */,
				397278F219911AF500CA779E /* DropitBehavior.h */,
				397278F319911AF500CA779E /* DropitBehavior.m */,
				397278D21990FAC200CA779E /* DropitViewController.h */,
				397278D31990FAC200CA779E /* DropitViewController.m */,
				397278D51990FAC200CA779E /* Images.xcassets */,
				397278C41990FAC200CA779E /* Supporting Files */,
			);
			path = Dropit;
			sourceTree = "<group>";
		};
		397278C41990FAC200CA779E /* Supporting Files */ = {
			isa = PBXGroup;
			children = (
				397278CC1990FAC200CA779E /* DropitAppDelegate.h */,
				397278CD1990FAC200CA779E /* DropitAppDelegate.m */,
				397278C51990FAC200CA779E /* Dropit-Info.plist */,
				397278C61990FAC200CA779E /* InfoPlist.strings */,
				397278C91990FAC200CA779E /* main.m */,
				397278CB1990FAC200CA779E /* Dropit-Prefix.pch */,
			);
			name = "Supporting Files";
			sourceTree = "<group>";
		};
		397278E21990FAC200CA779E /* DropitTests */ = {
			isa = PBXGroup;
			children = (
				397278E81990FAC200CA779E /* DropitTests.m */,
				397278E31990FAC200CA779E /* Supporting Files */,
			);
			path = DropitTests;
			sourceTree = "<group>";
		};
		397278E31990FAC200CA779E /* Supporting Files */ = {
			isa = PBXGroup;
			children = (
				397278E41990FAC200CA779E /* DropitTests-Info.plist */,
				397278E51990FAC200CA779E /* InfoPlist.strings */,
			);
			name = "Supporting Files";
			sourceTree = "<group>";
		};
/* End PBXGroup section */

/* Begin PBXNativeTarget section */
		397278B91990FAC200CA779E /* Dropit */ = {
			isa = PBXNativeTarget;
			buildConfigurationList = 397278EC1990FAC200CA779E /* Build configuration list for PBXNativeTarget "Dropit" */;
			buildPhases = (
				397278B61990FAC200CA779E /* Sources */,
				397278B71990FAC200CA779E /* Frameworks */,
				397278B81990FAC200CA779E /* Resources */,
			);
			buildRules = (
			);
			dependencies = (
			);
			name = Dropit;
			productName = Dropit;
			productReference = 397278BA1990FAC200CA779E /* Dropit.app */;
			productType = "com.apple.product-type.application";
		};
		397278DA1990FAC200CA779E /* DropitTests */ = {
			isa = PBXNativeTarget;
			buildConfigurationList = 397278EF1990FAC200CA779E /* Build configuration list for PBXNativeTarget "DropitTests" */;
			buildPhases = (
				397278D71990FAC200CA779E /* Sources */,
				397278D81990FAC200CA779E /* Frameworks */,
				397278D91990FAC200CA779E /* Resources */,
			);
			buildRules = (
			);
			dependencies = (
				397278E11990FAC200CA779E /* PBXTargetDependency */,
			);
			name = DropitTests;
			productName = DropitTests;
			productReference = 397278DB1990FAC200CA779E /* DropitTests.xctest */;
			productType = "com.apple.product-type.bundle.unit-test";
		};
/* End PBXNativeTarget section */

/* Begin PBXProject section */
		397278B21990FAC200CA779E /* Project object */ = {
			isa = PBXProject;
			attributes = {
				CLASSPREFIX = Dropit;
				LastUpgradeCheck = 0510;
				ORGANIZATIONNAME = "Sayantan Chakraborty";
				TargetAttributes = {
					397278DA1990FAC200CA779E = {
						TestTargetID = 397278B91990FAC200CA779E;
					};
				};
			};
			buildConfigurationList = 397278B51990FAC200CA779E /* Build configuration list for PBXProject "Dropit" */;
			compatibilityVersion = "Xcode 3.2";
			developmentRegion = English;
			hasScannedForEncodings = 0;
			knownRegions = (
				en,
				Base,
			);
			mainGroup = 397278B11990FAC200CA779E;
			productRefGroup = 397278BB1990FAC200CA779E /* Products */;
			projectDirPath = "";
			projectRoot = "";
			targets = (
				397278B91990FAC200CA779E /* Dropit */,
				397278DA1990FAC200CA779E /* DropitTests */,
			);
		};
/* End PBXProject section */

/* Begin PBXResourcesBuildPhase section */
		397278B81990FAC200CA779E /* Resources */ = {
			isa = PBXResourcesBuildPhase;
			buildActionMask = 2147483647;
			files = (
				397278D61990FAC200CA779E /* Images.xcassets in Resources */,
				397278C81990FAC200CA779E /* InfoPlist.strings in Resources */,
				397278D11990FAC200CA779E /* Main.storyboard in Resources */,
			);
			runOnlyForDeploymentPostprocessing = 0;
		};
		397278D91990FAC200CA779E /* Resources */ = {
			isa = PBXResourcesBuildPhase;
			buildActionMask = 2147483647;
			files = (
				397278E71990FAC200CA779E /* InfoPlist.strings in Resources */,
			);
			runOnlyForDeploymentPostprocessing = 0;
		};
/* End PBXResourcesBuildPhase section */

/* Begin PBXSourcesBuildPhase section */
		397278B61990FAC200CA779E /* Sources */ = {
			isa = PBXSourcesBuildPhase;
			buildActionMask = 2147483647;
			files = (
				397278D41990FAC200CA779E /* DropitViewController.m in Sources */,
				397278F419911AF500CA779E /* DropitBehavior.m in Sources */,
				397278CE1990FAC200CA779E /* DropitAppDelegate.m in Sources */,
				397278CA1990FAC200CA779E /* main.m in Sources */,
			);
			runOnlyForDeploymentPostprocessing = 0;
		};
		397278D71990FAC200CA779E /* Sources */ = {
			isa = PBXSourcesBuildPhase;
			buildActionMask = 2147483647;
			files = (
				397278E91990FAC200CA779E /* DropitTests.m in Sources */,
			);
			runOnlyForDeploymentPostprocessing = 0;
		};
/* End PBXSourcesBuildPhase section */

/* Begin PBXTargetDependency section */
		397278E11990FAC200CA779E /* PBXTargetDependency */ = {
			isa = PBXTargetDependency;
			target = 397278B91990FAC200CA779E /* Dropit */;
			targetProxy = 397278E01990FAC200CA779E /* PBXContainerItemProxy */;
		};
/* End PBXTargetDependency section */

/* Begin PBXVariantGroup section */
		397278C61990FAC200CA779E /* InfoPlist.strings */ = {
			isa = PBXVariantGroup;
			children = (
				397278C71990FAC200CA779E /* en */,
			);
			name = InfoPlist.strings;
			sourceTree = "<group>";
		};
		397278CF1990FAC200CA779E /* Main.storyboard */ = {
			isa = PBXVariantGroup;
			children = (
				397278D01990FAC200CA779E /* Base */,
			);
			name = Main.storyboard;
			sourceTree = "<group>";
		};
		397278E51990FAC200CA779E /* InfoPlist.strings */ = {
			isa = PBXVariantGroup;
			children = (
				397278E61990FAC200CA779E /* en */,
			);
			name = InfoPlist.strings;
			sourceTree = "<group>";
		};
/* End PBXVariantGroup section */

/* Begin XCBuildConfiguration section */
		397278EA1990FAC200CA779E /* Debug */ = {
			isa = XCBuildConfiguration;
			buildSettings = {
				ALWAYS_SEARCH_USER_PATHS = NO;
				CLANG_CXX_LANGUAGE_STANDARD = "gnu++0x";
				CLANG_CXX_LIBRARY = "libc++";
				CLANG_ENABLE_MODULES = YES;
				CLANG_ENABLE_OBJC_ARC = YES;
				CLANG_WARN_BOOL_CONVERSION = YES;
				CLANG_WARN_CONSTANT_CONVERSION = YES;
				CLANG_WARN_DIRECT_OBJC_ISA_USAGE = YES_ERROR;
				CLANG_WARN_EMPTY_BODY = YES;
				CLANG_WARN_ENUM_CONVERSION = YES;
				CLANG_WARN_INT_CONVERSION = YES;
				CLANG_WARN_OBJC_ROOT_CLASS = YES_ERROR;
				CLANG_WARN__DUPLICATE_METHOD_MATCH = YES;
				"CODE_SIGN_IDENTITY[sdk=iphoneos*]" = "iPhone Developer";
				COPY_PHASE_STRIP = NO;
				GCC_C_LANGUAGE_STANDARD = gnu99;
				GCC_DYNAMIC_NO_PIC = NO;
				GCC_OPTIMIZATION_LEVEL = 0;
				GCC_PREPROCESSOR_DEFINITIONS = (
					"DEBUG=1",
					"$(inherited)",
				);
				GCC_SYMBOLS_PRIVATE_EXTERN = NO;
				GCC_WARN_64_TO_32_BIT_CONVERSION = YES;
				GCC_WARN_ABOUT_RETURN_TYPE = YES_ERROR;
				GCC_WARN_UNDECLARED_SELECTOR = YES;
				GCC_WARN_UNINITIALIZED_AUTOS = YES_AGGRESSIVE;
				GCC_WARN_UNUSED_FUNCTION = YES;
				GCC_WARN_UNUSED_VARIABLE = YES;
				IPHONEOS_DEPLOYMENT_TARGET = 7.1;
				ONLY_ACTIVE_ARCH = YES;
				SDKROOT = iphoneos;
			};
			name = Debug;
		};
		397278EB1990FAC200CA779E /* Release */ = {
			isa = XCBuildConfiguration;
			buildSettings = {
				ALWAYS_SEARCH_USER_PATHS = NO;
				CLANG_CXX_LANGUAGE_STANDARD = "gnu++0x";
				CLANG_CXX_LIBRARY = "libc++";
				CLANG_ENABLE_MODULES = YES;
				CLANG_ENABLE_OBJC_ARC = YES;
				CLANG_WARN_BOOL_CONVERSION = YES;
				CLANG_WARN_CONSTANT_CONVERSION = YES;
				CLANG_WARN_DIRECT_OBJC_ISA_USAGE = YES_ERROR;
				CLANG_WARN_EMPTY_BODY = YES;
				CLANG_WARN_ENUM_CONVERSION = YES;
				CLANG_WARN_INT_CONVERSION = YES;
				CLANG_WARN_OBJC_ROOT_CLASS = YES_ERROR;
				CLANG_WARN__DUPLICATE_METHOD_MATCH = YES;
				"CODE_SIGN_IDENTITY[sdk=iphoneos*]" = "iPhone Developer";
				COPY_PHASE_STRIP = YES;
				ENABLE_NS_ASSERTIONS = NO;
				GCC_C_LANGUAGE_STANDARD = gnu99;
				GCC_WARN_64_TO_32_BIT_CONVERSION = YES;
				GCC_WARN_ABOUT_RETURN_TYPE = YES_ERROR;
				GCC_WARN_UNDECLARED_SELECTOR = YES;
				GCC_WARN_UNINITIALIZED_AUTOS = YES_AGGRESSIVE;
				GCC_WARN_UNUSED_FUNCTION = YES;
				GCC_WARN_UNUSED_VARIABLE = YES;
				IPHONEOS_DEPLOYMENT_TARGET = 7.1;
				SDKROOT = iphoneos;
				VALIDATE_PRODUCT = YES;
			};
			name = Release;
		};
		397278ED1990FAC200CA779E /* Debug */ = {
			isa = XCBuildConfiguration;
			buildSettings = {
				ASSETCATALOG_COMPILER_APPICON_NAME = AppIcon;
				ASSETCATALOG_COMPILER_LAUNCHIMAGE_NAME = LaunchImage;
				CODE_SIGN_IDENTITY = "iPhone Developer";
				FRAMEWORK_SEARCH_PATHS = (
					"$(inherited)",
					"$(DEVELOPER_FRAMEWORKS_DIR)",
				);
				GCC_PRECOMPILE_PREFIX_HEADER = YES;
				GCC_PREFIX_HEADER = "Dropit/Dropit-Prefix.pch";
				INFOPLIST_FILE = "Dropit/Dropit-Info.plist";
				PRODUCT_NAME = "$(TARGET_NAME)";
				WRAPPER_EXTENSION = app;
			};
			name = Debug;
		};
		397278EE1990FAC200CA779E /* Release */ = {
			isa = XCBuildConfiguration;
			buildSettings = {
				ASSETCATALOG_COMPILER_APPICON_NAME = AppIcon;
				ASSETCATALOG_COMPILER_LAUNCHIMAGE_NAME = LaunchImage;
				CODE_SIGN_IDENTITY = "iPhone Developer";
				FRAMEWORK_SEARCH_PATHS = (
					"$(inherited)",
					"$(DEVELOPER_FRAMEWORKS_DIR)",
				);
				GCC_PRECOMPILE_PREFIX_HEADER = YES;
				GCC_PREFIX_HEADER = "Dropit/Dropit-Prefix.pch";
				INFOPLIST_FILE = "Dropit/Dropit-Info.plist";
				PRODUCT_NAME = "$(TARGET_NAME)";
				WRAPPER_EXTENSION = app;
			};
			name = Release;
		};
		397278F01990FAC200CA779E /* Debug */ = {
			isa = XCBuildConfiguration;
			buildSettings = {
				BUNDLE_LOADER = "$(BUILT_PRODUCTS_DIR)/Dropit.app/Dropit";
				FRAMEWORK_SEARCH_PATHS = (
					"$(SDKROOT)/Developer/Library/Frameworks",
					"$(inherited)",
					"$(DEVELOPER_FRAMEWORKS_DIR)",
				);
				GCC_PRECOMPILE_PREFIX_HEADER = YES;
				GCC_PREFIX_HEADER = "Dropit/Dropit-Prefix.pch";
				GCC_PREPROCESSOR_DEFINITIONS = (
					"DEBUG=1",
					"$(inherited)",
				);
				INFOPLIST_FILE = "DropitTests/DropitTests-Info.plist";
				PRODUCT_NAME = "$(TARGET_NAME)";
				TEST_HOST = "$(BUNDLE_LOADER)";
				WRAPPER_EXTENSION = xctest;
			};
			name = Debug;
		};
		397278F11990FAC200CA779E /* Release */ = {
			isa = XCBuildConfiguration;
			buildSettings = {
				BUNDLE_LOADER = "$(BUILT_PRODUCTS_DIR)/Dropit.app/Dropit";
				FRAMEWORK_SEARCH_PATHS = (
					"$(SDKROOT)/Developer/Library/Frameworks",
					"$(inherited)",
					"$(DEVELOPER_FRAMEWORKS_DIR)",
				);
				GCC_PRECOMPILE_PREFIX_HEADER = YES;
				GCC_PREFIX_HEADER = "Dropit/Dropit-Prefix.pch";
				INFOPLIST_FILE = "DropitTests/DropitTests-Info.plist";
				PRODUCT_NAME = "$(TARGET_NAME)";
				TEST_HOST = "$(BUNDLE_LOADER)";
				WRAPPER_EXTENSION = xctest;
			};
			name = Release;
		};
/* End XCBuildConfiguration section */

/* Begin XCConfigurationList section */
		397278B51990FAC200CA779E /* Build configuration list for PBXProject "Dropit" */ = {
			isa = XCConfigurationList;
			buildConfigurations = (
				397278EA1990FAC200CA779E /* Debug */,
				397278EB1990FAC200CA779E /* Release */,
			);
			defaultConfigurationIsVisible = 0;
			defaultConfigurationName = Release;
		};
		397278EC1990FAC200CA779E /* Build configuration list for PBXNativeTarget "Dropit" */ = {
			isa = XCConfigurationList;
			buildConfigurations = (
				397278ED1990FAC200CA779E /* Debug */,
				397278EE1990FAC200CA779E /* Release */,
			);
			defaultConfigurationIsVisible = 0;
		};
		397278EF1990FAC200CA779E /* Build configuration list for PBXNativeTarget "DropitTests" */ = {
			isa = XCConfigurationList;
			buildConfigurations = (
				397278F01990FAC200CA779E /* Debug */,
				397278F11990FAC200CA779E /* Release */,
			);
			defaultConfigurationIsVisible = 0;
		};
/* End XCConfigurationList section */
	};
	rootObject = 397278B21990FAC200CA779E /* Project object */;
}
